<?xml version="1.0" encoding="utf-8"?>
<Project ToolsVersion="4.0" xmlns="http://schemas.microsoft.com/developer/msbuild/2003">
  <ItemGroup>
    <Filter Include="Source Files">
      <UniqueIdentifier>{4FC737F1-C7A5-4376-A066-2A32D752A2FF}</UniqueIdentifier>
      <Extensions>cpp;c;cc;cxx;def;odl;idl;hpj;bat;asm;asmx</Extensions>
    </Filter>
    <Filter Include="Header Files">
      <UniqueIdentifier>{93995380-89BD-4b04-88EB-625FBE52EBFB}</UniqueIdentifier>
      <Extensions>h;hh;hpp;hxx;hm;inl;inc;xsd</Extensions>
    </Filter>
    <Filter Include="Resource Files">
      <UniqueIdentifier>{67DA6AB6-F800-4c08-8B7A-83BB121AAD01}</UniqueIdentifier>
      <Extensions>rc;ico;cur;bmp;dlg;rc2;rct;bin;rgs;gif;jpg;jpeg;jpe;resx;tiff;tif;png;wav</Extensions>
    </Filter>
  </ItemGroup>
  <ItemGroup>
    <ClCompile Include="src\month_view.c">
      <Filter>Source Files</Filter>
    </ClCompile>
    <ClCompile Include="src\scheduler_view.c">
      <Filter>Source Files</Filter>
    </ClCompile>
    <ClCompile Include="src\user_interface.c">
      <Filter>Source Files</Filter>
    </ClCompile>
    <ClCompile Include="src\year_view.c">
      <Filter>Source Files</Filter>
    </ClCompile>
    <ClCompile Include="src\lib\calendar\controller.c">
      <Filter>Source Files</Filter>
    </ClCompile>
    <ClCompile Include="src\lib\calendar\model.c">
      <Filter>Source Files</Filter>
    </ClCompile>
    <ClCompile Include="src\lib\date_time\date_time_lib.c">
      <Filter>Source Files</Filter>
    </ClCompile>
    <ClCompile Include="winhost\host.cpp">
      <Filter>Source Files</Filter>
    </ClCompile>
    <ClCompile Include="src\lib\modelview_controller\modelview_controller.c">
      <Filter>Source Files</Filter>
    </ClCompile>
    <ClCompile Include="src\day_view.c">
      <Filter>Source Files</Filter>
    </ClCompile>
    <ClCompile Include="src\day_view_controller.c">
      <Filter>Source Files</Filter>
    </ClCompile>
    <ClCompile Include="src\month_view_controller.c">
      <Filter>Source Files</Filter>
    </ClCompile>
    <ClCompile Include="src\scheduler_view_controller.c">
      <Filter>Source Files</Filter>
    </ClCompile>
  </ItemGroup>
  <ItemGroup>
    <ClInclude Include="src\tm4c_defines.h">
      <Filter>Header Files</Filter>
    </ClInclude>
    <ClInclude Include="src\inc\calendar_controller.h">
      <Filter>Header Files</Filter>
    </ClInclude>
    <ClInclude Include="src\inc\calendar_model.h">
      <Filter>Header Files</Filter>
    </ClInclude>
    <ClInclude Include="src\inc\calendar_viewer.h">
      <Filter>Header Files</Filter>
    </ClInclude>
    <ClInclude Include="src\inc\serialize.h">
      <Filter>Header Files</Filter>
    </ClInclude>
    <ClInclude Include="src\inc\typedef.h">
      <Filter>Header Files</Filter>
    </ClInclude>
    <ClInclude Include="src\inc\lib\date_time_lib.h">
      <Filter>Header Files</Filter>
    </ClInclude>
    <ClInclude Include="src\inc\lib\device_initialization_lib.h">
      <Filter>Header Files</Filter>
    </ClInclude>
    <ClInclude Include="src\inc\lib\graphics_lib.h">
      <Filter>Header Files</Filter>
    </ClInclude>
    <ClInclude Include="src\inc\lib\interface_lib.h">
      <Filter>Header Files</Filter>
    </ClInclude>
    <ClInclude Include="src\inc\lib\modelview_controller_lib.h">
      <Filter>Header Files</Filter>
    </ClInclude>
    <ClInclude Include="src\inc\lib\view_lib.h">
      <Filter>Header Files</Filter>
    </ClInclude>
    <ClInclude Include="src\inc\obj\day_view.h">
      <Filter>Header Files</Filter>
    </ClInclude>
    <ClInclude Include="src\inc\obj\scheduled_event.h">
      <Filter>Header Files</Filter>
    </ClInclude>
    <ClInclude Include="src\inc\obj\view.h">
      <Filter>Header Files</Filter>
    </ClInclude>
    <ClInclude Include="test\support\UnityHelper.h">
      <Filter>Header Files</Filter>
    </ClInclude>
    <ClInclude Include="src\inc\obj\month_view.h">
      <Filter>Header Files</Filter>
    </ClInclude>
    <ClInclude Include="src\inc\obj\scheduler_view.h">
      <Filter>Header Files</Filter>
    </ClInclude>
    <ClInclude Include="src\inc\obj\month_view_controller.h">
      <Filter>Header Files</Filter>
    </ClInclude>
    <ClInclude Include="src\inc\obj\scheduler_view_controller.h">
      <Filter>Header Files</Filter>
    </ClInclude>
    <ClInclude Include="src\inc\obj\day_view_controller.h">
      <Filter>Header Files</Filter>
    </ClInclude>
    <ClInclude Include="src\inc\obj\view_controller.h">
      <Filter>Header Files</Filter>
    </ClInclude>
    <ClInclude Include="src\inc\lib\event_storage_lib.h">
      <Filter>Header Files</Filter>
    </ClInclude>
  </ItemGroup>
</Project>